{
  "version": "4",
  "specifiers": {
    "jsr:@josefabio/deno-canvas@1.5.2": "1.5.2",
    "jsr:@std/encoding@~0.224.2": "0.224.3",
    "jsr:@std/fs@1.0.5": "1.0.5",
    "jsr:@std/path@^1.0.7": "1.0.8",
    "jsr:@unified/deno-config@1.0.2": "1.0.2",
    "jsr:@unified/kv@0.4.2": "0.4.2",
    "jsr:@unified/mongo-filter@0.4.0": "0.4.0",
    "npm:nanoid@5.0.7": "5.0.7",
    "npm:radash@12.1.0": "12.1.0"
  },
  "jsr": {
    "@josefabio/deno-canvas@1.5.2": {
      "integrity": "0da3524c02af0a5294c820174fd1ac57a58441fd99bef8750e505567a10770f4",
      "dependencies": [
        "jsr:@std/encoding"
      ]
    },
    "@std/encoding@0.224.3": {
      "integrity": "5e861b6d81be5359fad4155e591acf17c0207b595112d1840998bb9f476dbdaf"
    },
    "@std/fs@1.0.5": {
      "integrity": "41806ad6823d0b5f275f9849a2640d87e4ef67c51ee1b8fb02426f55e02fd44e",
      "dependencies": [
        "jsr:@std/path"
      ]
    },
    "@std/path@1.0.8": {
      "integrity": "548fa456bb6a04d3c1a1e7477986b6cffbce95102d0bb447c67c4ee70e0364be"
    },
    "@unified/deno-config@1.0.2": {
      "integrity": "6cdec72664372f65e922360926dd90cc095f0c29d182b4dd6c7976eff991c9f9"
    },
    "@unified/kv@0.4.2": {
      "integrity": "5c7fef9d0708f6cdea66b711f2b31e8975ccd6d697a1497eae56531a7945fb70",
      "dependencies": [
        "jsr:@unified/mongo-filter",
        "npm:nanoid"
      ]
    },
    "@unified/mongo-filter@0.4.0": {
      "integrity": "6ccf10c3ea61c229970b15a531b414638cdf7c57c461330842a11e99d2b120fa"
    }
  },
  "npm": {
    "nanoid@5.0.7": {
      "integrity": "sha512-oLxFY2gd2IqnjcYyOXD8XGCftpGtZP2AbHbOkthDkvRywH5ayNtPVy9YlOPcHckXzbLTCHpkb7FB+yuxKV13pQ=="
    },
    "radash@12.1.0": {
      "integrity": "sha512-b0Zcf09AhqKS83btmUeYBS8tFK7XL2e3RvLmZcm0sTdF1/UUlHSsjXdCcWNxe7yfmAlPve5ym0DmKGtTzP6kVQ=="
    }
  },
  "workspace": {
    "dependencies": [
      "jsr:@josefabio/deno-canvas@1.5.2",
      "jsr:@std/fs@1.0.5",
      "jsr:@unified/deno-config@1.0.2",
      "jsr:@unified/kv@0.4.2",
      "npm:radash@12.1.0"
    ]
  }
}
